// !$*UTF8*$!
{
	archiveVersion = 1;
	classes = {
	};
	objectVersion = 50;
	objects = {

/* Begin PBXBuildFile section */
		0A23D1DB26950260005B6F53 /* learningGHApp.swift in Sources */ = {isa = PBXBuildFile; fileRef = 0A23D1DA26950260005B6F53 /* learningGHApp.swift */; };
		0A23D1DD26950260005B6F53 /* ContentView.swift in Sources */ = {isa = PBXBuildFile; fileRef = 0A23D1DC26950260005B6F53 /* ContentView.swift */; };
		0A23D1DF26950266005B6F53 /* Assets.xcassets in Resources */ = {isa = PBXBuildFile; fileRef = 0A23D1DE26950266005B6F53 /* Assets.xcassets */; };
		0A23D1E226950266005B6F53 /* Preview Assets.xcassets in Resources */ = {isa = PBXBuildFile; fileRef = 0A23D1E126950266005B6F53 /* Preview Assets.xcassets */; };
		0A23D1ED26950266005B6F53 /* learningGHTests.swift in Sources */ = {isa = PBXBuildFile; fileRef = 0A23D1EC26950266005B6F53 /* learningGHTests.swift */; };
		0A23D1F826950266005B6F53 /* learningGHUITests.swift in Sources */ = {isa = PBXBuildFile; fileRef = 0A23D1F726950266005B6F53 /* learningGHUITests.swift */; };
/* End PBXBuildFile section */

/* Begin PBXContainerItemProxy section */
		0A23D1E926950266005B6F53 /* PBXContainerItemProxy */ = {
			isa = PBXContainerItemProxy;
			containerPortal = 0A23D1CF26950260005B6F53 /* Project object */;
			proxyType = 1;
			remoteGlobalIDString = 0A23D1D626950260005B6F53;
			remoteInfo = learningGH;
		};
		0A23D1F426950266005B6F53 /* PBXContainerItemProxy */ = {
			isa = PBXContainerItemProxy;
			containerPortal = 0A23D1CF26950260005B6F53 /* Project object */;
			proxyType = 1;
			remoteGlobalIDString = 0A23D1D626950260005B6F53;
			remoteInfo = learningGH;
		};
/* End PBXContainerItemProxy section */

/* Begin PBXFileReference section */
		0A23D1D726950260005B6F53 /* learningGH.app */ = {isa = PBXFileReference; explicitFileType = wrapper.application; includeInIndex = 0; path = learningGH.app; sourceTree = BUILT_PRODUCTS_DIR; };
		0A23D1DA26950260005B6F53 /* learningGHApp.swift */ = {isa = PBXFileReference; lastKnownFileType = sourcecode.swift; path = learningGHApp.swift; sourceTree = "<group>"; };
		0A23D1DC26950260005B6F53 /* ContentView.swift */ = {isa = PBXFileReference; lastKnownFileType = sourcecode.swift; path = ContentView.swift; sourceTree = "<group>"; };
		0A23D1DE26950266005B6F53 /* Assets.xcassets */ = {isa = PBXFileReference; lastKnownFileType = folder.assetcatalog; path = Assets.xcassets; sourceTree = "<group>"; };
		0A23D1E126950266005B6F53 /* Preview Assets.xcassets */ = {isa = PBXFileReference; lastKnownFileType = folder.assetcatalog; path = "Preview Assets.xcassets"; sourceTree = "<group>"; };
		0A23D1E326950266005B6F53 /* Info.plist */ = {isa = PBXFileReference; lastKnownFileType = text.plist.xml; path = Info.plist; sourceTree = "<group>"; };
		0A23D1E826950266005B6F53 /* learningGHTests.xctest */ = {isa = PBXFileReference; explicitFileType = wrapper.cfbundle; includeInIndex = 0; path = learningGHTests.xctest; sourceTree = BUILT_PRODUCTS_DIR; };
		0A23D1EC26950266005B6F53 /* learningGHTests.swift */ = {isa = PBXFileReference; lastKnownFileType = sourcecode.swift; path = learningGHTests.swift; sourceTree = "<group>"; };
		0A23D1EE26950266005B6F53 /* Info.plist */ = {isa = PBXFileReference; lastKnownFileType = text.plist.xml; path = Info.plist; sourceTree = "<group>"; };
		0A23D1F326950266005B6F53 /* learningGHUITests.xctest */ = {isa = PBXFileReference; explicitFileType = wrapper.cfbundle; includeInIndex = 0; path = learningGHUITests.xctest; sourceTree = BUILT_PRODUCTS_DIR; };
		0A23D1F726950266005B6F53 /* learningGHUITests.swift */ = {isa = PBXFileReference; lastKnownFileType = sourcecode.swift; path = learningGHUITests.swift; sourceTree = "<group>"; };
		0A23D1F926950266005B6F53 /* Info.plist */ = {isa = PBXFileReference; lastKnownFileType = text.plist.xml; path = Info.plist; sourceTree = "<group>"; };
/* End PBXFileReference section */

/* Begin PBXFrameworksBuildPhase section */
		0A23D1D426950260005B6F53 /* Frameworks */ = {
			isa = PBXFrameworksBuildPhase;
			buildActionMask = 2147483647;
			files = (
			);
			runOnlyForDeploymentPostprocessing = 0;
		};
		0A23D1E526950266005B6F53 /* Frameworks */ = {
			isa = PBXFrameworksBuildPhase;
			buildActionMask = 2147483647;
			files = (
			);
			runOnlyForDeploymentPostprocessing = 0;
		};
		0A23D1F026950266005B6F53 /* Frameworks */ = {
			isa = PBXFrameworksBuildPhase;
			buildActionMask = 2147483647;
			files = (
			);
			runOnlyForDeploymentPostprocessing = 0;
		};
/* End PBXFrameworksBuildPhase section */

/* Begin PBXGroup section */
		0A23D1CE26950260005B6F53 = {
			isa = PBXGroup;
			children = (
				0A23D1D926950260005B6F53 /* learningGH */,
				0A23D1EB26950266005B6F53 /* learningGHTests */,
				0A23D1F626950266005B6F53 /* learningGHUITests */,
				0A23D1D826950260005B6F53 /* Products */,
			);
			sourceTree = "<group>";
		};
		0A23D1D826950260005B6F53 /* Products */ = {
			isa = PBXGroup;
			children = (
				0A23D1D726950260005B6F53 /* learningGH.app */,
				0A23D1E826950266005B6F53 /* learningGHTests.xctest */,
				0A23D1F326950266005B6F53 /* learningGHUITests.xctest */,
			);
			name = Products;
			sourceTree = "<group>";
		};
		0A23D1D926950260005B6F53 /* learningGH */ = {
			isa = PBXGroup;
			children = (
				0A23D1DA26950260005B6F53 /* learningGHApp.swift */,
				0A23D1DC26950260005B6F53 /* ContentView.swift */,
				0A23D1DE26950266005B6F53 /* Assets.xcassets */,
				0A23D1E326950266005B6F53 /* Info.plist */,
				0A23D1E026950266005B6F53 /* Preview Content */,
			);
			path = learningGH;
			sourceTree = "<group>";
		};
		0A23D1E026950266005B6F53 /* Preview Content */ = {
			isa = PBXGroup;
			children = (
				0A23D1E126950266005B6F53 /* Preview Assets.xcassets */,
			);
			path = "Preview Content";
			sourceTree = "<group>";
		};
		0A23D1EB26950266005B6F53 /* learningGHTests */ = {
			isa = PBXGroup;
			children = (
				0A23D1EC26950266005B6F53 /* learningGHTests.swift */,
				0A23D1EE26950266005B6F53 /* Info.plist */,
			);
			path = learningGHTests;
			sourceTree = "<group>";
		};
		0A23D1F626950266005B6F53 /* learningGHUITests */ = {
			isa = PBXGroup;
			children = (
				0A23D1F726950266005B6F53 /* learningGHUITests.swift */,
				0A23D1F926950266005B6F53 /* Info.plist */,
			);
			path = learningGHUITests;
			sourceTree = "<group>";
		};
/* End PBXGroup section */

/* Begin PBXNativeTarget section */
		0A23D1D626950260005B6F53 /* learningGH */ = {
			isa = PBXNativeTarget;
			buildConfigurationList = 0A23D1FC26950266005B6F53 /* Build configuration list for PBXNativeTarget "learningGH" */;
			buildPhases = (
				0A23D1D326950260005B6F53 /* Sources */,
				0A23D1D426950260005B6F53 /* Frameworks */,
				0A23D1D526950260005B6F53 /* Resources */,
			);
			buildRules = (
			);
			dependencies = (
			);
			name = learningGH;
			productName = learningGH;
			productReference = 0A23D1D726950260005B6F53 /* learningGH.app */;
			productType = "com.apple.product-type.application";
		};
		0A23D1E726950266005B6F53 /* learningGHTests */ = {
			isa = PBXNativeTarget;
			buildConfigurationList = 0A23D1FF26950266005B6F53 /* Build configuration list for PBXNativeTarget "learningGHTests" */;
			buildPhases = (
				0A23D1E426950266005B6F53 /* Sources */,
				0A23D1E526950266005B6F53 /* Frameworks */,
				0A23D1E626950266005B6F53 /* Resources */,
			);
			buildRules = (
			);
			dependencies = (
				0A23D1EA26950266005B6F53 /* PBXTargetDependency */,
			);
			name = learningGHTests;
			productName = learningGHTests;
			productReference = 0A23D1E826950266005B6F53 /* learningGHTests.xctest */;
			productType = "com.apple.product-type.bundle.unit-test";
		};
		0A23D1F226950266005B6F53 /* learningGHUITests */ = {
			isa = PBXNativeTarget;
			buildConfigurationList = 0A23D20226950266005B6F53 /* Build configuration list for PBXNativeTarget "learningGHUITests" */;
			buildPhases = (
				0A23D1EF26950266005B6F53 /* Sources */,
				0A23D1F026950266005B6F53 /* Frameworks */,
				0A23D1F126950266005B6F53 /* Resources */,
			);
			buildRules = (
			);
			dependencies = (
				0A23D1F526950266005B6F53 /* PBXTargetDependency */,
			);
			name = learningGHUITests;
			productName = learningGHUITests;
			productReference = 0A23D1F326950266005B6F53 /* learningGHUITests.xctest */;
			productType = "com.apple.product-type.bundle.ui-testing";
		};
/* End PBXNativeTarget section */

/* Begin PBXProject section */
		0A23D1CF26950260005B6F53 /* Project object */ = {
			isa = PBXProject;
			attributes = {
				LastSwiftUpdateCheck = 1250;
				LastUpgradeCheck = 1250;
				TargetAttributes = {
					0A23D1D626950260005B6F53 = {
						CreatedOnToolsVersion = 12.5.1;
					};
					0A23D1E726950266005B6F53 = {
						CreatedOnToolsVersion = 12.5.1;
						TestTargetID = 0A23D1D626950260005B6F53;
					};
					0A23D1F226950266005B6F53 = {
						CreatedOnToolsVersion = 12.5.1;
						TestTargetID = 0A23D1D626950260005B6F53;
					};
				};
			};
			buildConfigurationList = 0A23D1D226950260005B6F53 /* Build configuration list for PBXProject "learningGH" */;
			compatibilityVersion = "Xcode 9.3";
			developmentRegion = en;
			hasScannedForEncodings = 0;
			knownRegions = (
				en,
				Base,
			);
			mainGroup = 0A23D1CE26950260005B6F53;
			productRefGroup = 0A23D1D826950260005B6F53 /* Products */;
			projectDirPath = "";
			projectRoot = "";
			targets = (
				0A23D1D626950260005B6F53 /* learningGH */,
				0A23D1E726950266005B6F53 /* learningGHTests */,
				0A23D1F226950266005B6F53 /* learningGHUITests */,
			);
		};
/* End PBXProject section */

/* Begin PBXResourcesBuildPhase section */
		0A23D1D526950260005B6F53 /* Resources */ = {
			isa = PBXResourcesBuildPhase;
			buildActionMask = 2147483647;
			files = (
				0A23D1E226950266005B6F53 /* Preview Assets.xcassets in Resources */,
				0A23D1DF26950266005B6F53 /* Assets.xcassets in Resources */,
			);
			runOnlyForDeploymentPostprocessing = 0;
		};
		0A23D1E626950266005B6F53 /* Resources */ = {
			isa = PBXResourcesBuildPhase;
			buildActionMask = 2147483647;
			files = (
			);
			runOnlyForDeploymentPostprocessing = 0;
		};
		0A23D1F126950266005B6F53 /* Resources */ = {
			isa = PBXResourcesBuildPhase;
			buildActionMask = 2147483647;
			files = (
			);
			runOnlyForDeploymentPostprocessing = 0;
		};
/* End PBXResourcesBuildPhase section */

/* Begin PBXSourcesBuildPhase section */
		0A23D1D326950260005B6F53 /* Sources */ = {
			isa = PBXSourcesBuildPhase;
			buildActionMask = 2147483647;
			files = (
				0A23D1DD26950260005B6F53 /* ContentView.swift in Sources */,
				0A23D1DB26950260005B6F53 /* learningGHApp.swift in Sources */,
			);
			runOnlyForDeploymentPostprocessing = 0;
		};
		0A23D1E426950266005B6F53 /* Sources */ = {
			isa = PBXSourcesBuildPhase;
			buildActionMask = 2147483647;
			files = (
				0A23D1ED26950266005B6F53 /* learningGHTests.swift in Sources */,
			);
			runOnlyForDeploymentPostprocessing = 0;
		};
		0A23D1EF26950266005B6F53 /* Sources */ = {
			isa = PBXSourcesBuildPhase;
			buildActionMask = 2147483647;
			files = (
				0A23D1F826950266005B6F53 /* learningGHUITests.swift in Sources */,
			);
			runOnlyForDeploymentPostprocessing = 0;
		};
/* End PBXSourcesBuildPhase section */

/* Begin PBXTargetDependency section */
		0A23D1EA26950266005B6F53 /* PBXTargetDependency */ = {
			isa = PBXTargetDependency;
			target = 0A23D1D626950260005B6F53 /* learningGH */;
			targetProxy = 0A23D1E926950266005B6F53 /* PBXContainerItemProxy */;
		};
		0A23D1F526950266005B6F53 /* PBXTargetDependency */ = {
			isa = PBXTargetDependency;
			target = 0A23D1D626950260005B6F53 /* learningGH */;
			targetProxy = 0A23D1F426950266005B6F53 /* PBXContainerItemProxy */;
		};
/* End PBXTargetDependency section */

/* Begin XCBuildConfiguration section */
		0A23D1FA26950266005B6F53 /* Debug */ = {
			isa = XCBuildConfiguration;
			buildSettings = {
				ALWAYS_SEARCH_USER_PATHS = NO;
				CLANG_ANALYZER_NONNULL = YES;
				CLANG_ANALYZER_NUMBER_OBJECT_CONVERSION = YES_AGGRESSIVE;
				CLANG_CXX_LANGUAGE_STANDARD = "gnu++14";
				CLANG_CXX_LIBRARY = "libc++";
				CLANG_ENABLE_MODULES = YES;
				CLANG_ENABLE_OBJC_ARC = YES;
				CLANG_ENABLE_OBJC_WEAK = YES;
				CLANG_WARN_BLOCK_CAPTURE_AUTORELEASING = YES;
				CLANG_WARN_BOOL_CONVERSION = YES;
				CLANG_WARN_COMMA = YES;
				CLANG_WARN_CONSTANT_CONVERSION = YES;
				CLANG_WARN_DEPRECATED_OBJC_IMPLEMENTATIONS = YES;
				CLANG_WARN_DIRECT_OBJC_ISA_USAGE = YES_ERROR;
				CLANG_WARN_DOCUMENTATION_COMMENTS = YES;
				CLANG_WARN_EMPTY_BODY = YES;
				CLANG_WARN_ENUM_CONVERSION = YES;
				CLANG_WARN_INFINITE_RECURSION = YES;
				CLANG_WARN_INT_CONVERSION = YES;
				CLANG_WARN_NON_LITERAL_NULL_CONVERSION = YES;
				CLANG_WARN_OBJC_IMPLICIT_RETAIN_SELF = YES;
				CLANG_WARN_OBJC_LITERAL_CONVERSION = YES;
				CLANG_WARN_OBJC_ROOT_CLASS = YES_ERROR;
				CLANG_WARN_QUOTED_INCLUDE_IN_FRAMEWORK_HEADER = YES;
				CLANG_WARN_RANGE_LOOP_ANALYSIS = YES;
				CLANG_WARN_STRICT_PROTOTYPES = YES;
				CLANG_WARN_SUSPICIOUS_MOVE = YES;
				CLANG_WARN_UNGUARDED_AVAILABILITY = YES_AGGRESSIVE;
				CLANG_WARN_UNREACHABLE_CODE = YES;
				CLANG_WARN__DUPLICATE_METHOD_MATCH = YES;
				COPY_PHASE_STRIP = NO;
				DEBUG_INFORMATION_FORMAT = dwarf;
				ENABLE_STRICT_OBJC_MSGSEND = YES;
				ENABLE_TESTABILITY = YES;
				GCC_C_LANGUAGE_STANDARD = gnu11;
				GCC_DYNAMIC_NO_PIC = NO;
				GCC_NO_COMMON_BLOCKS = YES;
				GCC_OPTIMIZATION_LEVEL = 0;
				GCC_PREPROCESSOR_DEFINITIONS = (
					"DEBUG=1",
					"$(inherited)",
				);
				GCC_WARN_64_TO_32_BIT_CONVERSION = YES;
				GCC_WARN_ABOUT_RETURN_TYPE = YES_ERROR;
				GCC_WARN_UNDECLARED_SELECTOR = YES;
				GCC_WARN_UNINITIALIZED_AUTOS = YES_AGGRESSIVE;
				GCC_WARN_UNUSED_FUNCTION = YES;
				GCC_WARN_UNUSED_VARIABLE = YES;
				IPHONEOS_DEPLOYMENT_TARGET = 14.5;
				MTL_ENABLE_DEBUG_INFO = INCLUDE_SOURCE;
				MTL_FAST_MATH = YES;
				ONLY_ACTIVE_ARCH = YES;
				SDKROOT = iphoneos;
				SWIFT_ACTIVE_COMPILATION_CONDITIONS = DEBUG;
				SWIFT_OPTIMIZATION_LEVEL = "-Onone";
			};
			name = Debug;
		};
		0A23D1FB26950266005B6F53 /* Release */ = {
			isa = XCBuildConfiguration;
			buildSettings = {
				ALWAYS_SEARCH_USER_PATHS = NO;
				CLANG_ANALYZER_NONNULL = YES;
				CLANG_ANALYZER_NUMBER_OBJECT_CONVERSION = YES_AGGRESSIVE;
				CLANG_CXX_LANGUAGE_STANDARD = "gnu++14";
				CLANG_CXX_LIBRARY = "libc++";
				CLANG_ENABLE_MODULES = YES;
				CLANG_ENABLE_OBJC_ARC = YES;
				CLANG_ENABLE_OBJC_WEAK = YES;
				CLANG_WARN_BLOCK_CAPTURE_AUTORELEASING = YES;
				CLANG_WARN_BOOL_CONVERSION = YES;
				CLANG_WARN_COMMA = YES;
				CLANG_WARN_CONSTANT_CONVERSION = YES;
				CLANG_WARN_DEPRECATED_OBJC_IMPLEMENTATIONS = YES;
				CLANG_WARN_DIRECT_OBJC_ISA_USAGE = YES_ERROR;
				CLANG_WARN_DOCUMENTATION_COMMENTS = YES;
				CLANG_WARN_EMPTY_BODY = YES;
				CLANG_WARN_ENUM_CONVERSION = YES;
				CLANG_WARN_INFINITE_RECURSION = YES;
				CLANG_WARN_INT_CONVERSION = YES;
				CLANG_WARN_NON_LITERAL_NULL_CONVERSION = YES;
				CLANG_WARN_OBJC_IMPLICIT_RETAIN_SELF = YES;
				CLANG_WARN_OBJC_LITERAL_CONVERSION = YES;
				CLANG_WARN_OBJC_ROOT_CLASS = YES_ERROR;
				CLANG_WARN_QUOTED_INCLUDE_IN_FRAMEWORK_HEADER = YES;
				CLANG_WARN_RANGE_LOOP_ANALYSIS = YES;
				CLANG_WARN_STRICT_PROTOTYPES = YES;
				CLANG_WARN_SUSPICIOUS_MOVE = YES;
				CLANG_WARN_UNGUARDED_AVAILABILITY = YES_AGGRESSIVE;
				CLANG_WARN_UNREACHABLE_CODE = YES;
				CLANG_WARN__DUPLICATE_METHOD_MATCH = YES;
				COPY_PHASE_STRIP = NO;
				DEBUG_INFORMATION_FORMAT = "dwarf-with-dsym";
				ENABLE_NS_ASSERTIONS = NO;
				ENABLE_STRICT_OBJC_MSGSEND = YES;
				GCC_C_LANGUAGE_STANDARD = gnu11;
				GCC_NO_COMMON_BLOCKS = YES;
				GCC_WARN_64_TO_32_BIT_CONVERSION = YES;
				GCC_WARN_ABOUT_RETURN_TYPE = YES_ERROR;
				GCC_WARN_UNDECLARED_SELECTOR = YES;
				GCC_WARN_UNINITIALIZED_AUTOS = YES_AGGRESSIVE;
				GCC_WARN_UNUSED_FUNCTION = YES;
				GCC_WARN_UNUSED_VARIABLE = YES;
				IPHONEOS_DEPLOYMENT_TARGET = 14.5;
				MTL_ENABLE_DEBUG_INFO = NO;
				MTL_FAST_MATH = YES;
				SDKROOT = iphoneos;
				SWIFT_COMPILATION_MODE = wholemodule;
				SWIFT_OPTIMIZATION_LEVEL = "-O";
				VALIDATE_PRODUCT = YES;
			};
			name = Release;
		};
		0A23D1FD26950266005B6F53 /* Debug */ = {
			isa = XCBuildConfiguration;
			buildSettings = {
				ASSETCATALOG_COMPILER_APPICON_NAME = AppIcon;
				ASSETCATALOG_COMPILER_GLOBAL_ACCENT_COLOR_NAME = AccentColor;
				CODE_SIGN_STYLE = Automatic;
				DEVELOPMENT_ASSET_PATHS = "\"learningGH/Preview Content\"";
				DEVELOPMENT_TEAM = 63D7V4ZYB7;
				ENABLE_PREVIEWS = YES;
				INFOPLIST_FILE = learningGH/Info.plist;
				IPHONEOS_DEPLOYMENT_TARGET = 14.0;
				LD_RUNPATH_SEARCH_PATHS = (
					"$(inherited)",
					"@executable_path/Frameworks",
				);
				PRODUCT_BUNDLE_IDENTIFIER = com.Kase.learningGH;
				PRODUCT_NAME = "$(TARGET_NAME)";
				SWIFT_VERSION = 5.0;
				TARGETED_DEVICE_FAMILY = "1,2";
			};
			name = Debug;
		};
		0A23D1FE26950266005B6F53 /* Release */ = {
			isa = XCBuildConfiguration;
			buildSettings = {
				ASSETCATALOG_COMPILER_APPICON_NAME = AppIcon;
				ASSETCATALOG_COMPILER_GLOBAL_ACCENT_COLOR_NAME = AccentColor;
				CODE_SIGN_STYLE = Automatic;
				DEVELOPMENT_ASSET_PATHS = "\"learningGH/Preview Content\"";
				DEVELOPMENT_TEAM = 63D7V4ZYB7;
				ENABLE_PREVIEWS = YES;
				INFOPLIST_FILE = learningGH/Info.plist;
				IPHONEOS_DEPLOYMENT_TARGET = 14.0;
				LD_RUNPATH_SEARCH_PATHS = (
					"$(inherited)",
					"@executable_path/Frameworks",
				);
				PRODUCT_BUNDLE_IDENTIFIER = com.Kase.learningGH;
				PRODUCT_NAME = "$(TARGET_NAME)";
				SWIFT_VERSION = 5.0;
				TARGETED_DEVICE_FAMILY = "1,2";
			};
			name = Release;
		};
		0A23D20026950266005B6F53 /* Debug */ = {
			isa = XCBuildConfiguration;
			buildSettings = {
				ALWAYS_EMBED_SWIFT_STANDARD_LIBRARIES = YES;
				BUNDLE_LOADER = "$(TEST_HOST)";
				CODE_SIGN_STYLE = Automatic;
				DEVELOPMENT_TEAM = 63D7V4ZYB7;
				INFOPLIST_FILE = learningGHTests/Info.plist;
				IPHONEOS_DEPLOYMENT_TARGET = 14.0;
				LD_RUNPATH_SEARCH_PATHS = (
					"$(inherited)",
					"@executable_path/Frameworks",
					"@loader_path/Frameworks",
				);
				PRODUCT_BUNDLE_IDENTIFIER = com.Kase.learningGHTests;
				PRODUCT_NAME = "$(TARGET_NAME)";
				SWIFT_VERSION = 5.0;
				TARGETED_DEVICE_FAMILY = "1,2";
				TEST_HOST = "$(BUILT_PRODUCTS_DIR)/learningGH.app/learningGH";
			};
			name = Debug;
		};
		0A23D20126950266005B6F53 /* Release */ = {
			isa = XCBuildConfiguration;
			buildSettings = {
				ALWAYS_EMBED_SWIFT_STANDARD_LIBRARIES = YES;
				BUNDLE_LOADER = "$(TEST_HOST)";
				CODE_SIGN_STYLE = Automatic;
				DEVELOPMENT_TEAM = 63D7V4ZYB7;
				INFOPLIST_FILE = learningGHTests/Info.plist;
				IPHONEOS_DEPLOYMENT_TARGET = 14.0;
				LD_RUNPATH_SEARCH_PATHS = (
					"$(inherited)",
					"@executable_path/Frameworks",
					"@loader_path/Frameworks",
				);
				PRODUCT_BUNDLE_IDENTIFIER = com.Kase.learningGHTests;
				PRODUCT_NAME = "$(TARGET_NAME)";
				SWIFT_VERSION = 5.0;
				TARGETED_DEVICE_FAMILY = "1,2";
				TEST_HOST = "$(BUILT_PRODUCTS_DIR)/learningGH.app/learningGH";
			};
			name = Release;
		};
		0A23D20326950266005B6F53 /* Debug */ = {
			isa = XCBuildConfiguration;
			buildSettings = {
				ALWAYS_EMBED_SWIFT_STANDARD_LIBRARIES = YES;
				CODE_SIGN_STYLE = Automatic;
				DEVELOPMENT_TEAM = 63D7V4ZYB7;
				INFOPLIST_FILE = learningGHUITests/Info.plist;
				LD_RUNPATH_SEARCH_PATHS = (
					"$(inherited)",
					"@executable_path/Frameworks",
					"@loader_path/Frameworks",
				);
				PRODUCT_BUNDLE_IDENTIFIER = com.Kase.learningGHUITests;
				PRODUCT_NAME = "$(TARGET_NAME)";
				SWIFT_VERSION = 5.0;
				TARGETED_DEVICE_FAMILY = "1,2";
				TEST_TARGET_NAME = learningGH;
			};
			name = Debug;
		};
		0A23D20426950266005B6F53 /* Release */ = {
			isa = XCBuildConfiguration;
			buildSettings = {
				ALWAYS_EMBED_SWIFT_STANDARD_LIBRARIES = YES;
				CODE_SIGN_STYLE = Automatic;
				DEVELOPMENT_TEAM = 63D7V4ZYB7;
				INFOPLIST_FILE = learningGHUITests/Info.plist;
				LD_RUNPATH_SEARCH_PATHS = (
					"$(inherited)",
					"@executable_path/Frameworks",
					"@loader_path/Frameworks",
				);
				PRODUCT_BUNDLE_IDENTIFIER = com.Kase.learningGHUITests;
				PRODUCT_NAME = "$(TARGET_NAME)";
				SWIFT_VERSION = 5.0;
				TARGETED_DEVICE_FAMILY = "1,2";
				TEST_TARGET_NAME = learningGH;
			};
			name = Release;
		};
/* End XCBuildConfiguration section */

/* Begin XCConfigurationList section */
		0A23D1D226950260005B6F53 /* Build configuration list for PBXProject "learningGH" */ = {
			isa = XCConfigurationList;
			buildConfigurations = (
				0A23D1FA26950266005B6F53 /* Debug */,
				0A23D1FB26950266005B6F53 /* Release */,
			);
			defaultConfigurationIsVisible = 0;
			defaultConfigurationName = Release;
		};
		0A23D1FC26950266005B6F53 /* Build configuration list for PBXNativeTarget "learningGH" */ = {
			isa = XCConfigurationList;
			buildConfigurations = (
				0A23D1FD26950266005B6F53 /* Debug */,
				0A23D1FE26950266005B6F53 /* Release */,
			);
			defaultConfigurationIsVisible = 0;
			defaultConfigurationName = Release;
		};
		0A23D1FF26950266005B6F53 /* Build configuration list for PBXNativeTarget "learningGHTests" */ = {
			isa = XCConfigurationList;
			buildConfigurations = (
				0A23D20026950266005B6F53 /* Debug */,
				0A23D20126950266005B6F53 /* Release */,
			);
			defaultConfigurationIsVisible = 0;
			defaultConfigurationName = Release;
		};
		0A23D20226950266005B6F53 /* Build configuration list for PBXNativeTarget "learningGHUITests" */ = {
			isa = XCConfigurationList;
			buildConfigurations = (
				0A23D20326950266005B6F53 /* Debug */,
				0A23D20426950266005B6F53 /* Release */,
			);
			defaultConfigurationIsVisible = 0;
			defaultConfigurationName = Release;
		};
/* End XCConfigurationList section */
	};
	rootObject = 0A23D1CF26950260005B6F53 /* Project object */;
}
